
Microsoft Visual Studio Solution File, Format Version 12.00
# Visual Studio Version 17
VisualStudioVersion = 17.8.34309.116
MinimumVisualStudioVersion = 10.0.40219.1
Project("{FAE04EC0-301F-11D3-BF4B-00C04F79EFBC}") = "R4_ResultTool", "R4_ResultTool\R4_ResultTool.csproj", "{A9D65629-A379-4F58-BED1-0BD04AE297A3}"
EndProject
Global
	GlobalSection(SolutionConfigurationPlatforms) = preSolution
		Debug|Any CPU = Debug|Any CPU
		Release|Any CPU = Release|Any CPU
	EndGlobalSection
	GlobalSection(ProjectConfigurationPlatforms) = postSolution
		{A9D65629-A379-4F58-BED1-0BD04AE297A3}.Debug|Any CPU.ActiveCfg = Debug|Any CPU
		{A9D65629-A379-4F58-BED1-0BD04AE297A3}.Debug|Any CPU.Build.0 = Debug|Any CPU
		{A9D65629-A379-4F58-BED1-0BD04AE297A3}.Release|Any CPU.ActiveCfg = Release|Any CPU
		{A9D65629-A379-4F58-BED1-0BD04AE297A3}.Release|Any CPU.Build.0 = Release|Any CPU
	EndGlobalSection
	GlobalSection(SolutionProperties) = preSolution
		HideSolutionNode = FALSE
	EndGlobalSection
	GlobalSection(ExtensibilityGlobals) = postSolution
		SolutionGuid = {8D15A523-9F80-467F-95B7-ECF150544C33}
	EndGlobalSection
EndGlobal
